<?xml version="1.0" encoding="utf-8"?>
<Project ToolsVersion="4.0" xmlns="http://schemas.microsoft.com/developer/msbuild/2003">
  <ItemGroup>
    <Filter Include="소스 파일">
      <UniqueIdentifier>{4FC737F1-C7A5-4376-A066-2A32D752A2FF}</UniqueIdentifier>
      <Extensions>cpp;c;cc;cxx;c++;cppm;ixx;def;odl;idl;hpj;bat;asm;asmx</Extensions>
    </Filter>
    <Filter Include="헤더 파일">
      <UniqueIdentifier>{93995380-89BD-4b04-88EB-625FBE52EBFB}</UniqueIdentifier>
      <Extensions>h;hh;hpp;hxx;h++;hm;inl;inc;ipp;xsd</Extensions>
    </Filter>
    <Filter Include="리소스 파일">
      <UniqueIdentifier>{67DA6AB6-F800-4c08-8B7A-83BB121AAD01}</UniqueIdentifier>
      <Extensions>rc;ico;cur;bmp;dlg;rc2;rct;bin;rgs;gif;jpg;jpeg;jpe;resx;tiff;tif;png;wav;mfcribbon-ms</Extensions>
    </Filter>
    <Filter Include="Shader">
      <UniqueIdentifier>{c2b555cf-1d02-4e94-9796-32cc9f66d190}</UniqueIdentifier>
    </Filter>
    <Filter Include="소스 파일\ImGui">
      <UniqueIdentifier>{1ecfb435-cecc-45b1-9a80-72ec233ec460}</UniqueIdentifier>
    </Filter>
    <Filter Include="헤더 파일\ImGui">
      <UniqueIdentifier>{450dedd9-e766-4120-94cc-26ef2aeb3e79}</UniqueIdentifier>
    </Filter>
    <Filter Include="소스 파일\ImGuizmo">
      <UniqueIdentifier>{5135974c-2d4d-4ea0-8e70-0f97603b852f}</UniqueIdentifier>
    </Filter>
    <Filter Include="헤더 파일\ImGuizmo">
      <UniqueIdentifier>{72ed994a-fc0b-4132-a75c-dc02c2f70726}</UniqueIdentifier>
    </Filter>
  </ItemGroup>
  <ItemGroup>
    <ClCompile Include="main.cpp">
      <Filter>소스 파일</Filter>
    </ClCompile>
    <ClCompile Include="Mesh.cpp">
      <Filter>소스 파일</Filter>
    </ClCompile>
    <ClCompile Include="Shader.cpp">
      <Filter>소스 파일</Filter>
    </ClCompile>
    <ClCompile Include="Texture.cpp">
      <Filter>소스 파일</Filter>
    </ClCompile>
    <ClCompile Include="Camera.cpp">
      <Filter>소스 파일</Filter>
    </ClCompile>
    <ClCompile Include="Window.cpp">
      <Filter>소스 파일</Filter>
    </ClCompile>
    <ClCompile Include="Model.cpp">
      <Filter>소스 파일</Filter>
    </ClCompile>
    <ClCompile Include="FrameBuffer.cpp">
      <Filter>소스 파일</Filter>
    </ClCompile>
    <ClCompile Include="..\External Libs\IMGUIZMO\include\ImSequencer.cpp">
      <Filter>소스 파일\ImGuizmo</Filter>
    </ClCompile>
    <ClCompile Include="..\External Libs\IMGUIZMO\include\ImGuizmo.cpp">
      <Filter>소스 파일\ImGuizmo</Filter>
    </ClCompile>
    <ClCompile Include="..\External Libs\IMGUIZMO\include\ImGradient.cpp">
      <Filter>소스 파일\ImGuizmo</Filter>
    </ClCompile>
    <ClCompile Include="..\External Libs\IMGUIZMO\include\ImCurveEdit.cpp">
      <Filter>소스 파일\ImGuizmo</Filter>
    </ClCompile>
    <ClCompile Include="..\External Libs\IMGUIZMO\include\GraphEditor.cpp">
      <Filter>소스 파일\ImGuizmo</Filter>
    </ClCompile>
    <ClCompile Include="ScenePanel.cpp">
      <Filter>소스 파일</Filter>
    </ClCompile>
    <ClCompile Include="InspectorPanel.cpp">
      <Filter>소스 파일</Filter>
    </ClCompile>
    <ClCompile Include="Panel.cpp">
      <Filter>소스 파일</Filter>
    </ClCompile>
    <ClCompile Include="..\External Libs\IMGUI\imgui_impl_glfw.cpp">
      <Filter>소스 파일\ImGui</Filter>
    </ClCompile>
    <ClCompile Include="..\External Libs\IMGUI\imgui_impl_opengl3.cpp">
      <Filter>소스 파일\ImGui</Filter>
    </ClCompile>
    <ClCompile Include="..\External Libs\IMGUI\imgui_tables.cpp">
      <Filter>소스 파일\ImGui</Filter>
    </ClCompile>
    <ClCompile Include="..\External Libs\IMGUI\imgui_widgets.cpp">
      <Filter>소스 파일\ImGui</Filter>
    </ClCompile>
    <ClCompile Include="..\External Libs\IMGUI\imgui.cpp">
      <Filter>소스 파일\ImGui</Filter>
    </ClCompile>
    <ClCompile Include="..\External Libs\IMGUI\imgui_demo.cpp">
      <Filter>소스 파일\ImGui</Filter>
    </ClCompile>
    <ClCompile Include="..\External Libs\IMGUI\imgui_draw.cpp">
      <Filter>소스 파일\ImGui</Filter>
    </ClCompile>
    <ClCompile Include="Skybox.cpp">
      <Filter>소스 파일</Filter>
    </ClCompile>
    <ClCompile Include="Bone.cpp">
      <Filter>소스 파일</Filter>
    </ClCompile>
    <ClCompile Include="Animation.cpp">
      <Filter>소스 파일</Filter>
    </ClCompile>
    <ClCompile Include="Animator.cpp">
      <Filter>소스 파일</Filter>
    </ClCompile>
    <ClCompile Include="AssimpGLMHelpers.cpp">
      <Filter>소스 파일</Filter>
    </ClCompile>
  </ItemGroup>
  <ItemGroup>
    <ClInclude Include="Mesh.h">
      <Filter>헤더 파일</Filter>
    </ClInclude>
    <ClInclude Include="Shader.h">
      <Filter>헤더 파일</Filter>
    </ClInclude>
    <ClInclude Include="Texture.h">
      <Filter>헤더 파일</Filter>
    </ClInclude>
    <ClInclude Include="Light.h">
      <Filter>헤더 파일</Filter>
    </ClInclude>
    <ClInclude Include="Material.h">
      <Filter>헤더 파일</Filter>
    </ClInclude>
    <ClInclude Include="Camera.h">
      <Filter>헤더 파일</Filter>
    </ClInclude>
    <ClInclude Include="Window.h">
      <Filter>헤더 파일</Filter>
    </ClInclude>
    <ClInclude Include="Model.h">
      <Filter>헤더 파일</Filter>
    </ClInclude>
    <ClInclude Include="PointLight.h">
      <Filter>헤더 파일</Filter>
    </ClInclude>
    <ClInclude Include="DirectionalLight.h">
      <Filter>헤더 파일</Filter>
    </ClInclude>
    <ClInclude Include="FrameBuffer.h">
      <Filter>헤더 파일</Filter>
    </ClInclude>
    <ClInclude Include="..\External Libs\IMGUIZMO\include\ImZoomSlider.h">
      <Filter>헤더 파일\ImGuizmo</Filter>
    </ClInclude>
    <ClInclude Include="..\External Libs\IMGUIZMO\include\GraphEditor.h">
      <Filter>헤더 파일\ImGuizmo</Filter>
    </ClInclude>
    <ClInclude Include="..\External Libs\IMGUIZMO\include\ImCurveEdit.h">
      <Filter>헤더 파일\ImGuizmo</Filter>
    </ClInclude>
    <ClInclude Include="..\External Libs\IMGUIZMO\include\ImGradient.h">
      <Filter>헤더 파일\ImGuizmo</Filter>
    </ClInclude>
    <ClInclude Include="..\External Libs\IMGUIZMO\include\ImGuizmo.h">
      <Filter>헤더 파일\ImGuizmo</Filter>
    </ClInclude>
    <ClInclude Include="..\External Libs\IMGUIZMO\include\ImSequencer.h">
      <Filter>헤더 파일\ImGuizmo</Filter>
    </ClInclude>
    <ClInclude Include="ScenePanel.h">
      <Filter>헤더 파일</Filter>
    </ClInclude>
    <ClInclude Include="InspectorPanel.h">
      <Filter>헤더 파일</Filter>
    </ClInclude>
    <ClInclude Include="Panel.h">
      <Filter>헤더 파일</Filter>
    </ClInclude>
    <ClInclude Include="..\External Libs\IMGUI\imgui_internal.h">
      <Filter>헤더 파일\ImGui</Filter>
    </ClInclude>
    <ClInclude Include="..\External Libs\IMGUI\imstb_rectpack.h">
      <Filter>헤더 파일\ImGui</Filter>
    </ClInclude>
    <ClInclude Include="..\External Libs\IMGUI\imstb_textedit.h">
      <Filter>헤더 파일\ImGui</Filter>
    </ClInclude>
    <ClInclude Include="..\External Libs\IMGUI\imstb_truetype.h">
      <Filter>헤더 파일\ImGui</Filter>
    </ClInclude>
    <ClInclude Include="..\External Libs\IMGUI\imconfig.h">
      <Filter>헤더 파일\ImGui</Filter>
    </ClInclude>
    <ClInclude Include="..\External Libs\IMGUI\imgui.h">
      <Filter>헤더 파일\ImGui</Filter>
    </ClInclude>
    <ClInclude Include="..\External Libs\IMGUI\imgui_impl_glfw.h">
      <Filter>헤더 파일\ImGui</Filter>
    </ClInclude>
    <ClInclude Include="..\External Libs\IMGUI\imgui_impl_opengl3.h">
      <Filter>헤더 파일\ImGui</Filter>
    </ClInclude>
    <ClInclude Include="..\External Libs\IMGUI\imgui_impl_opengl3_loader.h">
      <Filter>헤더 파일\ImGui</Filter>
    </ClInclude>
    <ClInclude Include="CommonValues.h">
      <Filter>헤더 파일</Filter>
    </ClInclude>
    <ClInclude Include="Skybox.h">
      <Filter>헤더 파일</Filter>
    </ClInclude>
    <ClInclude Include="Bone.h">
      <Filter>헤더 파일</Filter>
    </ClInclude>
    <ClInclude Include="Animation.h">
      <Filter>헤더 파일</Filter>
    </ClInclude>
    <ClInclude Include="Animator.h">
      <Filter>헤더 파일</Filter>
    </ClInclude>
    <ClInclude Include="AssimpGLMHelpers.h">
      <Filter>헤더 파일</Filter>
    </ClInclude>
  </ItemGroup>
  <ItemGroup>
    <None Include="Shaders\fragment.glsl">
      <Filter>Shader</Filter>
    </None>
    <None Include="Shaders\vertex.glsl">
      <Filter>Shader</Filter>
    </None>
    <None Include="Shaders\skyFragment.glsl">
      <Filter>Shader</Filter>
    </None>
    <None Include="Shaders\skyVertex.glsl">
      <Filter>Shader</Filter>
    </None>
  </ItemGroup>
</Project>